{
  "name": "Capstone",
  "lockfileVersion": 2,
  "requires": true,
  "packages": {
    "": {
      "dependencies": {
        "emailjs": "^3.8.0",
        "emailjs-com": "^3.2.0"
      }
    },
    "node_modules/emailjs": {
      "version": "3.8.0",
      "resolved": "https://registry.npmjs.org/emailjs/-/emailjs-3.8.0.tgz",
      "integrity": "sha512-ZLMFAC3C8GNebBvDpPgHwPeK4Ajx/rkq1TqLNFH9bC9TwEac1JhIYb3KuBY5eNfr0YVUaEfGughWszRBD5rcgQ==",
      "engines": {
        "node": ">=10"
      }
    },
    "node_modules/emailjs-com": {
      "version": "3.2.0",
      "resolved": "https://registry.npmjs.org/emailjs-com/-/emailjs-com-3.2.0.tgz",
      "integrity": "sha512-Prbz3E1usiAwGjMNYRv6EsJ5c373cX7/AGnZQwOfrpNJrygQJ15+E9OOq4pU8yC977Z5xMetRfc3WmDX6RcjAA==",
      "deprecated": "The SDK name changed to @emailjs/browser",
      "engines": {
        "node": ">=12.0.0"
      }
    }
  },
  "dependencies": {
    "emailjs": {
      "version": "3.8.0",
      "resolved": "https://registry.npmjs.org/emailjs/-/emailjs-3.8.0.tgz",
      "integrity": "sha512-ZLMFAC3C8GNebBvDpPgHwPeK4Ajx/rkq1TqLNFH9bC9TwEac1JhIYb3KuBY5eNfr0YVUaEfGughWszRBD5rcgQ=="
    },
    "emailjs-com": {
      "version": "3.2.0",
      "resolved": "https://registry.npmjs.org/emailjs-com/-/emailjs-com-3.2.0.tgz",
      "integrity": "sha512-Prbz3E1usiAwGjMNYRv6EsJ5c373cX7/AGnZQwOfrpNJrygQJ15+E9OOq4pU8yC977Z5xMetRfc3WmDX6RcjAA=="
    }
  }
}
